
Microsoft Visual Studio Solution File, Format Version 12.00
# Visual Studio Version 17
VisualStudioVersion = 17.13.35931.197
MinimumVisualStudioVersion = 10.0.40219.1
Project("{FAE04EC0-301F-11D3-BF4B-00C04F79EFBC}") = "SignalRApi", "SignalRApi\SignalRApi.csproj", "{BE681D20-463D-48B2-852B-17028976E7BF}"
EndProject
Project("{FAE04EC0-301F-11D3-BF4B-00C04F79EFBC}") = "SignalRWebUI", "SignalRWebUI\SignalRWebUI.csproj", "{B0B8B43C-7AB9-4B39-849C-C6D7F98739ED}"
EndProject
Project("{FAE04EC0-301F-11D3-BF4B-00C04F79EFBC}") = "SignalR.EntityLayer", "SignalR.EntityLayer\SignalR.EntityLayer.csproj", "{12287B50-E1DF-40E5-A694-911B80569DBE}"
EndProject
Project("{FAE04EC0-301F-11D3-BF4B-00C04F79EFBC}") = "SignalR.DataAccessLayer", "SignalR.DataAccessLayer\SignalR.DataAccessLayer.csproj", "{7C87D087-A259-48DC-AABE-6819F34473CD}"
EndProject
Project("{FAE04EC0-301F-11D3-BF4B-00C04F79EFBC}") = "SignalR.DtoLayer", "SignalR.DtoLayer\SignalR.DtoLayer.csproj", "{D8C7E274-723A-4DFB-AECA-0F5F93BC8BE3}"
EndProject
Project("{FAE04EC0-301F-11D3-BF4B-00C04F79EFBC}") = "SignalR.BusinessLayer", "SignalR.BusinessLayer\SignalR.BusinessLayer.csproj", "{1EE0D31C-F719-4E92-B528-6ABF14774FDC}"
EndProject
Global
	GlobalSection(SolutionConfigurationPlatforms) = preSolution
		Debug|Any CPU = Debug|Any CPU
		Release|Any CPU = Release|Any CPU
	EndGlobalSection
	GlobalSection(ProjectConfigurationPlatforms) = postSolution
		{BE681D20-463D-48B2-852B-17028976E7BF}.Debug|Any CPU.ActiveCfg = Debug|Any CPU
		{BE681D20-463D-48B2-852B-17028976E7BF}.Debug|Any CPU.Build.0 = Debug|Any CPU
		{BE681D20-463D-48B2-852B-17028976E7BF}.Release|Any CPU.ActiveCfg = Release|Any CPU
		{BE681D20-463D-48B2-852B-17028976E7BF}.Release|Any CPU.Build.0 = Release|Any CPU
		{B0B8B43C-7AB9-4B39-849C-C6D7F98739ED}.Debug|Any CPU.ActiveCfg = Debug|Any CPU
		{B0B8B43C-7AB9-4B39-849C-C6D7F98739ED}.Debug|Any CPU.Build.0 = Debug|Any CPU
		{B0B8B43C-7AB9-4B39-849C-C6D7F98739ED}.Release|Any CPU.ActiveCfg = Release|Any CPU
		{B0B8B43C-7AB9-4B39-849C-C6D7F98739ED}.Release|Any CPU.Build.0 = Release|Any CPU
		{12287B50-E1DF-40E5-A694-911B80569DBE}.Debug|Any CPU.ActiveCfg = Debug|Any CPU
		{12287B50-E1DF-40E5-A694-911B80569DBE}.Debug|Any CPU.Build.0 = Debug|Any CPU
		{12287B50-E1DF-40E5-A694-911B80569DBE}.Release|Any CPU.ActiveCfg = Release|Any CPU
		{12287B50-E1DF-40E5-A694-911B80569DBE}.Release|Any CPU.Build.0 = Release|Any CPU
		{7C87D087-A259-48DC-AABE-6819F34473CD}.Debug|Any CPU.ActiveCfg = Debug|Any CPU
		{7C87D087-A259-48DC-AABE-6819F34473CD}.Debug|Any CPU.Build.0 = Debug|Any CPU
		{7C87D087-A259-48DC-AABE-6819F34473CD}.Release|Any CPU.ActiveCfg = Release|Any CPU
		{7C87D087-A259-48DC-AABE-6819F34473CD}.Release|Any CPU.Build.0 = Release|Any CPU
		{D8C7E274-723A-4DFB-AECA-0F5F93BC8BE3}.Debug|Any CPU.ActiveCfg = Debug|Any CPU
		{D8C7E274-723A-4DFB-AECA-0F5F93BC8BE3}.Debug|Any CPU.Build.0 = Debug|Any CPU
		{D8C7E274-723A-4DFB-AECA-0F5F93BC8BE3}.Release|Any CPU.ActiveCfg = Release|Any CPU
		{D8C7E274-723A-4DFB-AECA-0F5F93BC8BE3}.Release|Any CPU.Build.0 = Release|Any CPU
		{1EE0D31C-F719-4E92-B528-6ABF14774FDC}.Debug|Any CPU.ActiveCfg = Debug|Any CPU
		{1EE0D31C-F719-4E92-B528-6ABF14774FDC}.Debug|Any CPU.Build.0 = Debug|Any CPU
		{1EE0D31C-F719-4E92-B528-6ABF14774FDC}.Release|Any CPU.ActiveCfg = Release|Any CPU
		{1EE0D31C-F719-4E92-B528-6ABF14774FDC}.Release|Any CPU.Build.0 = Release|Any CPU
	EndGlobalSection
	GlobalSection(SolutionProperties) = preSolution
		HideSolutionNode = FALSE
	EndGlobalSection
	GlobalSection(ExtensibilityGlobals) = postSolution
		SolutionGuid = {ED086FAA-74B6-42E5-8EED-4CF7962A39CC}
	EndGlobalSection
EndGlobal
